// !$*UTF8*$!
{
	archiveVersion = 1;
	classes = {
	};
	objectVersion = 50;
	objects = {

/* Begin PBXBuildFile section */
		2368C32D2436E26100A0CCEC /* AppDelegate.swift in Sources */ = {isa = PBXBuildFile; fileRef = 2368C32C2436E26100A0CCEC /* AppDelegate.swift */; };
		2368C32F2436E26100A0CCEC /* ViewController.swift in Sources */ = {isa = PBXBuildFile; fileRef = 2368C32E2436E26100A0CCEC /* ViewController.swift */; };
		2368C3322436E26100A0CCEC /* Main.storyboard in Resources */ = {isa = PBXBuildFile; fileRef = 2368C3302436E26100A0CCEC /* Main.storyboard */; };
		2368C3342436E26300A0CCEC /* Assets.xcassets in Resources */ = {isa = PBXBuildFile; fileRef = 2368C3332436E26300A0CCEC /* Assets.xcassets */; };
		2368C3372436E26300A0CCEC /* LaunchScreen.storyboard in Resources */ = {isa = PBXBuildFile; fileRef = 2368C3352436E26300A0CCEC /* LaunchScreen.storyboard */; };
		2368C3422436E26300A0CCEC /* SampleTests.swift in Sources */ = {isa = PBXBuildFile; fileRef = 2368C3412436E26300A0CCEC /* SampleTests.swift */; };
		2368C34D2436E26300A0CCEC /* SampleUITests.swift in Sources */ = {isa = PBXBuildFile; fileRef = 2368C34C2436E26300A0CCEC /* SampleUITests.swift */; };
/* End PBXBuildFile section */

/* Begin PBXContainerItemProxy section */
		2368C33E2436E26300A0CCEC /* PBXContainerItemProxy */ = {
			isa = PBXContainerItemProxy;
			containerPortal = 2368C3212436E26100A0CCEC /* Project object */;
			proxyType = 1;
			remoteGlobalIDString = 2368C3282436E26100A0CCEC;
			remoteInfo = Sample;
		};
		2368C3492436E26300A0CCEC /* PBXContainerItemProxy */ = {
			isa = PBXContainerItemProxy;
			containerPortal = 2368C3212436E26100A0CCEC /* Project object */;
			proxyType = 1;
			remoteGlobalIDString = 2368C3282436E26100A0CCEC;
			remoteInfo = Sample;
		};
/* End PBXContainerItemProxy section */

/* Begin PBXFileReference section */
		2368C3292436E26100A0CCEC /* Sample.app */ = {isa = PBXFileReference; explicitFileType = wrapper.application; includeInIndex = 0; path = Sample.app; sourceTree = BUILT_PRODUCTS_DIR; };
		2368C32C2436E26100A0CCEC /* AppDelegate.swift */ = {isa = PBXFileReference; lastKnownFileType = sourcecode.swift; path = AppDelegate.swift; sourceTree = "<group>"; };
		2368C32E2436E26100A0CCEC /* ViewController.swift */ = {isa = PBXFileReference; lastKnownFileType = sourcecode.swift; path = ViewController.swift; sourceTree = "<group>"; };
		2368C3312436E26100A0CCEC /* Base */ = {isa = PBXFileReference; lastKnownFileType = file.storyboard; name = Base; path = Base.lproj/Main.storyboard; sourceTree = "<group>"; };
		2368C3332436E26300A0CCEC /* Assets.xcassets */ = {isa = PBXFileReference; lastKnownFileType = folder.assetcatalog; path = Assets.xcassets; sourceTree = "<group>"; };
		2368C3362436E26300A0CCEC /* Base */ = {isa = PBXFileReference; lastKnownFileType = file.storyboard; name = Base; path = Base.lproj/LaunchScreen.storyboard; sourceTree = "<group>"; };
		2368C3382436E26300A0CCEC /* Info.plist */ = {isa = PBXFileReference; lastKnownFileType = text.plist.xml; path = Info.plist; sourceTree = "<group>"; };
		2368C33D2436E26300A0CCEC /* SampleTests.xctest */ = {isa = PBXFileReference; explicitFileType = wrapper.cfbundle; includeInIndex = 0; path = SampleTests.xctest; sourceTree = BUILT_PRODUCTS_DIR; };
		2368C3412436E26300A0CCEC /* SampleTests.swift */ = {isa = PBXFileReference; lastKnownFileType = sourcecode.swift; path = SampleTests.swift; sourceTree = "<group>"; };
		2368C3432436E26300A0CCEC /* Info.plist */ = {isa = PBXFileReference; lastKnownFileType = text.plist.xml; path = Info.plist; sourceTree = "<group>"; };
		2368C3482436E26300A0CCEC /* SampleUITests.xctest */ = {isa = PBXFileReference; explicitFileType = wrapper.cfbundle; includeInIndex = 0; path = SampleUITests.xctest; sourceTree = BUILT_PRODUCTS_DIR; };
		2368C34C2436E26300A0CCEC /* SampleUITests.swift */ = {isa = PBXFileReference; lastKnownFileType = sourcecode.swift; path = SampleUITests.swift; sourceTree = "<group>"; };
		2368C34E2436E26300A0CCEC /* Info.plist */ = {isa = PBXFileReference; lastKnownFileType = text.plist.xml; path = Info.plist; sourceTree = "<group>"; };
/* End PBXFileReference section */

/* Begin PBXFrameworksBuildPhase section */
		2368C3262436E26100A0CCEC /* Frameworks */ = {
			isa = PBXFrameworksBuildPhase;
			buildActionMask = 2147483647;
			files = (
			);
			runOnlyForDeploymentPostprocessing = 0;
		};
		2368C33A2436E26300A0CCEC /* Frameworks */ = {
			isa = PBXFrameworksBuildPhase;
			buildActionMask = 2147483647;
			files = (
			);
			runOnlyForDeploymentPostprocessing = 0;
		};
		2368C3452436E26300A0CCEC /* Frameworks */ = {
			isa = PBXFrameworksBuildPhase;
			buildActionMask = 2147483647;
			files = (
			);
			runOnlyForDeploymentPostprocessing = 0;
		};
/* End PBXFrameworksBuildPhase section */

/* Begin PBXGroup section */
		2368C3202436E26100A0CCEC = {
			isa = PBXGroup;
			children = (
				2368C32B2436E26100A0CCEC /* Sample */,
				2368C3402436E26300A0CCEC /* SampleTests */,
				2368C34B2436E26300A0CCEC /* SampleUITests */,
				2368C32A2436E26100A0CCEC /* Products */,
			);
			sourceTree = "<group>";
		};
		2368C32A2436E26100A0CCEC /* Products */ = {
			isa = PBXGroup;
			children = (
				2368C3292436E26100A0CCEC /* Sample.app */,
				2368C33D2436E26300A0CCEC /* SampleTests.xctest */,
				2368C3482436E26300A0CCEC /* SampleUITests.xctest */,
			);
			name = Products;
			sourceTree = "<group>";
		};
		2368C32B2436E26100A0CCEC /* Sample */ = {
			isa = PBXGroup;
			children = (
				2368C32C2436E26100A0CCEC /* AppDelegate.swift */,
				2368C32E2436E26100A0CCEC /* ViewController.swift */,
				2368C3302436E26100A0CCEC /* Main.storyboard */,
				2368C3332436E26300A0CCEC /* Assets.xcassets */,
				2368C3352436E26300A0CCEC /* LaunchScreen.storyboard */,
				2368C3382436E26300A0CCEC /* Info.plist */,
			);
			path = Sample;
			sourceTree = "<group>";
		};
		2368C3402436E26300A0CCEC /* SampleTests */ = {
			isa = PBXGroup;
			children = (
				2368C3412436E26300A0CCEC /* SampleTests.swift */,
				2368C3432436E26300A0CCEC /* Info.plist */,
			);
			path = SampleTests;
			sourceTree = "<group>";
		};
		2368C34B2436E26300A0CCEC /* SampleUITests */ = {
			isa = PBXGroup;
			children = (
				2368C34C2436E26300A0CCEC /* SampleUITests.swift */,
				2368C34E2436E26300A0CCEC /* Info.plist */,
			);
			path = SampleUITests;
			sourceTree = "<group>";
		};
/* End PBXGroup section */

/* Begin PBXNativeTarget section */
		2368C3282436E26100A0CCEC /* Sample */ = {
			isa = PBXNativeTarget;
			buildConfigurationList = 2368C3512436E26300A0CCEC /* Build configuration list for PBXNativeTarget "Sample" */;
			buildPhases = (
				2368C3252436E26100A0CCEC /* Sources */,
				2368C3262436E26100A0CCEC /* Frameworks */,
				2368C3272436E26100A0CCEC /* Resources */,
			);
			buildRules = (
			);
			dependencies = (
			);
			name = Sample;
			productName = Sample;
			productReference = 2368C3292436E26100A0CCEC /* Sample.app */;
			productType = "com.apple.product-type.application";
		};
		2368C33C2436E26300A0CCEC /* SampleTests */ = {
			isa = PBXNativeTarget;
			buildConfigurationList = 2368C3542436E26300A0CCEC /* Build configuration list for PBXNativeTarget "SampleTests" */;
			buildPhases = (
				2368C3392436E26300A0CCEC /* Sources */,
				2368C33A2436E26300A0CCEC /* Frameworks */,
				2368C33B2436E26300A0CCEC /* Resources */,
			);
			buildRules = (
			);
			dependencies = (
				2368C33F2436E26300A0CCEC /* PBXTargetDependency */,
			);
			name = SampleTests;
			productName = SampleTests;
			productReference = 2368C33D2436E26300A0CCEC /* SampleTests.xctest */;
			productType = "com.apple.product-type.bundle.unit-test";
		};
		2368C3472436E26300A0CCEC /* SampleUITests */ = {
			isa = PBXNativeTarget;
			buildConfigurationList = 2368C3572436E26300A0CCEC /* Build configuration list for PBXNativeTarget "SampleUITests" */;
			buildPhases = (
				2368C3442436E26300A0CCEC /* Sources */,
				2368C3452436E26300A0CCEC /* Frameworks */,
				2368C3462436E26300A0CCEC /* Resources */,
			);
			buildRules = (
			);
			dependencies = (
				2368C34A2436E26300A0CCEC /* PBXTargetDependency */,
			);
			name = SampleUITests;
			productName = SampleUITests;
			productReference = 2368C3482436E26300A0CCEC /* SampleUITests.xctest */;
			productType = "com.apple.product-type.bundle.ui-testing";
		};
/* End PBXNativeTarget section */

/* Begin PBXProject section */
		2368C3212436E26100A0CCEC /* Project object */ = {
			isa = PBXProject;
			attributes = {
				LastSwiftUpdateCheck = 1020;
				LastUpgradeCheck = 1020;
				ORGANIZATIONNAME = "Naohiro Takakura";
				TargetAttributes = {
					2368C3282436E26100A0CCEC = {
						CreatedOnToolsVersion = 10.2.1;
					};
					2368C33C2436E26300A0CCEC = {
						CreatedOnToolsVersion = 10.2.1;
						TestTargetID = 2368C3282436E26100A0CCEC;
					};
					2368C3472436E26300A0CCEC = {
						CreatedOnToolsVersion = 10.2.1;
						TestTargetID = 2368C3282436E26100A0CCEC;
					};
				};
			};
			buildConfigurationList = 2368C3242436E26100A0CCEC /* Build configuration list for PBXProject "Sample" */;
			compatibilityVersion = "Xcode 9.3";
			developmentRegion = en;
			hasScannedForEncodings = 0;
			knownRegions = (
				en,
				Base,
			);
			mainGroup = 2368C3202436E26100A0CCEC;
			productRefGroup = 2368C32A2436E26100A0CCEC /* Products */;
			projectDirPath = "";
			projectRoot = "";
			targets = (
				2368C3282436E26100A0CCEC /* Sample */,
				2368C33C2436E26300A0CCEC /* SampleTests */,
				2368C3472436E26300A0CCEC /* SampleUITests */,
			);
		};
/* End PBXProject section */

/* Begin PBXResourcesBuildPhase section */
		2368C3272436E26100A0CCEC /* Resources */ = {
			isa = PBXResourcesBuildPhase;
			buildActionMask = 2147483647;
			files = (
				2368C3372436E26300A0CCEC /* LaunchScreen.storyboard in Resources */,
				2368C3342436E26300A0CCEC /* Assets.xcassets in Resources */,
				2368C3322436E26100A0CCEC /* Main.storyboard in Resources */,
			);
			runOnlyForDeploymentPostprocessing = 0;
		};
		2368C33B2436E26300A0CCEC /* Resources */ = {
			isa = PBXResourcesBuildPhase;
			buildActionMask = 2147483647;
			files = (
			);
			runOnlyForDeploymentPostprocessing = 0;
		};
		2368C3462436E26300A0CCEC /* Resources */ = {
			isa = PBXResourcesBuildPhase;
			buildActionMask = 2147483647;
			files = (
			);
			runOnlyForDeploymentPostprocessing = 0;
		};
/* End PBXResourcesBuildPhase section */

/* Begin PBXSourcesBuildPhase section */
		2368C3252436E26100A0CCEC /* Sources */ = {
			isa = PBXSourcesBuildPhase;
			buildActionMask = 2147483647;
			files = (
				2368C32F2436E26100A0CCEC /* ViewController.swift in Sources */,
				2368C32D2436E26100A0CCEC /* AppDelegate.swift in Sources */,
			);
			runOnlyForDeploymentPostprocessing = 0;
		};
		2368C3392436E26300A0CCEC /* Sources */ = {
			isa = PBXSourcesBuildPhase;
			buildActionMask = 2147483647;
			files = (
				2368C3422436E26300A0CCEC /* SampleTests.swift in Sources */,
			);
			runOnlyForDeploymentPostprocessing = 0;
		};
		2368C3442436E26300A0CCEC /* Sources */ = {
			isa = PBXSourcesBuildPhase;
			buildActionMask = 2147483647;
			files = (
				2368C34D2436E26300A0CCEC /* SampleUITests.swift in Sources */,
			);
			runOnlyForDeploymentPostprocessing = 0;
		};
/* End PBXSourcesBuildPhase section */

/* Begin PBXTargetDependency section */
		2368C33F2436E26300A0CCEC /* PBXTargetDependency */ = {
			isa = PBXTargetDependency;
			target = 2368C3282436E26100A0CCEC /* Sample */;
			targetProxy = 2368C33E2436E26300A0CCEC /* PBXContainerItemProxy */;
		};
		2368C34A2436E26300A0CCEC /* PBXTargetDependency */ = {
			isa = PBXTargetDependency;
			target = 2368C3282436E26100A0CCEC /* Sample */;
			targetProxy = 2368C3492436E26300A0CCEC /* PBXContainerItemProxy */;
		};
/* End PBXTargetDependency section */

/* Begin PBXVariantGroup section */
		2368C3302436E26100A0CCEC /* Main.storyboard */ = {
			isa = PBXVariantGroup;
			children = (
				2368C3312436E26100A0CCEC /* Base */,
			);
			name = Main.storyboard;
			sourceTree = "<group>";
		};
		2368C3352436E26300A0CCEC /* LaunchScreen.storyboard */ = {
			isa = PBXVariantGroup;
			children = (
				2368C3362436E26300A0CCEC /* Base */,
			);
			name = LaunchScreen.storyboard;
			sourceTree = "<group>";
		};
/* End PBXVariantGroup section */

/* Begin XCBuildConfiguration section */
		2368C34F2436E26300A0CCEC /* Debug */ = {
			isa = XCBuildConfiguration;
			buildSettings = {
				ALWAYS_SEARCH_USER_PATHS = NO;
				CLANG_ANALYZER_NONNULL = YES;
				CLANG_ANALYZER_NUMBER_OBJECT_CONVERSION = YES_AGGRESSIVE;
				CLANG_CXX_LANGUAGE_STANDARD = "gnu++14";
				CLANG_CXX_LIBRARY = "libc++";
				CLANG_ENABLE_MODULES = YES;
				CLANG_ENABLE_OBJC_ARC = YES;
				CLANG_ENABLE_OBJC_WEAK = YES;
				CLANG_WARN_BLOCK_CAPTURE_AUTORELEASING = YES;
				CLANG_WARN_BOOL_CONVERSION = YES;
				CLANG_WARN_COMMA = YES;
				CLANG_WARN_CONSTANT_CONVERSION = YES;
				CLANG_WARN_DEPRECATED_OBJC_IMPLEMENTATIONS = YES;
				CLANG_WARN_DIRECT_OBJC_ISA_USAGE = YES_ERROR;
				CLANG_WARN_DOCUMENTATION_COMMENTS = YES;
				CLANG_WARN_EMPTY_BODY = YES;
				CLANG_WARN_ENUM_CONVERSION = YES;
				CLANG_WARN_INFINITE_RECURSION = YES;
				CLANG_WARN_INT_CONVERSION = YES;
				CLANG_WARN_NON_LITERAL_NULL_CONVERSION = YES;
				CLANG_WARN_OBJC_IMPLICIT_RETAIN_SELF = YES;
				CLANG_WARN_OBJC_LITERAL_CONVERSION = YES;
				CLANG_WARN_OBJC_ROOT_CLASS = YES_ERROR;
				CLANG_WARN_RANGE_LOOP_ANALYSIS = YES;
				CLANG_WARN_STRICT_PROTOTYPES = YES;
				CLANG_WARN_SUSPICIOUS_MOVE = YES;
				CLANG_WARN_UNGUARDED_AVAILABILITY = YES_AGGRESSIVE;
				CLANG_WARN_UNREACHABLE_CODE = YES;
				CLANG_WARN__DUPLICATE_METHOD_MATCH = YES;
				CODE_SIGN_IDENTITY = "iPhone Developer";
				COPY_PHASE_STRIP = NO;
				DEBUG_INFORMATION_FORMAT = dwarf;
				ENABLE_STRICT_OBJC_MSGSEND = YES;
				ENABLE_TESTABILITY = YES;
				GCC_C_LANGUAGE_STANDARD = gnu11;
				GCC_DYNAMIC_NO_PIC = NO;
				GCC_NO_COMMON_BLOCKS = YES;
				GCC_OPTIMIZATION_LEVEL = 0;
				GCC_PREPROCESSOR_DEFINITIONS = (
					"DEBUG=1",
					"$(inherited)",
				);
				GCC_WARN_64_TO_32_BIT_CONVERSION = YES;
				GCC_WARN_ABOUT_RETURN_TYPE = YES_ERROR;
				GCC_WARN_UNDECLARED_SELECTOR = YES;
				GCC_WARN_UNINITIALIZED_AUTOS = YES_AGGRESSIVE;
				GCC_WARN_UNUSED_FUNCTION = YES;
				GCC_WARN_UNUSED_VARIABLE = YES;
				IPHONEOS_DEPLOYMENT_TARGET = 12.2;
				MTL_ENABLE_DEBUG_INFO = INCLUDE_SOURCE;
				MTL_FAST_MATH = YES;
				ONLY_ACTIVE_ARCH = YES;
				SDKROOT = iphoneos;
				SWIFT_ACTIVE_COMPILATION_CONDITIONS = DEBUG;
				SWIFT_OPTIMIZATION_LEVEL = "-Onone";
			};
			name = Debug;
		};
		2368C3502436E26300A0CCEC /* Release */ = {
			isa = XCBuildConfiguration;
			buildSettings = {
				ALWAYS_SEARCH_USER_PATHS = NO;
				CLANG_ANALYZER_NONNULL = YES;
				CLANG_ANALYZER_NUMBER_OBJECT_CONVERSION = YES_AGGRESSIVE;
				CLANG_CXX_LANGUAGE_STANDARD = "gnu++14";
				CLANG_CXX_LIBRARY = "libc++";
				CLANG_ENABLE_MODULES = YES;
				CLANG_ENABLE_OBJC_ARC = YES;
				CLANG_ENABLE_OBJC_WEAK = YES;
				CLANG_WARN_BLOCK_CAPTURE_AUTORELEASING = YES;
				CLANG_WARN_BOOL_CONVERSION = YES;
				CLANG_WARN_COMMA = YES;
				CLANG_WARN_CONSTANT_CONVERSION = YES;
				CLANG_WARN_DEPRECATED_OBJC_IMPLEMENTATIONS = YES;
				CLANG_WARN_DIRECT_OBJC_ISA_USAGE = YES_ERROR;
				CLANG_WARN_DOCUMENTATION_COMMENTS = YES;
				CLANG_WARN_EMPTY_BODY = YES;
				CLANG_WARN_ENUM_CONVERSION = YES;
				CLANG_WARN_INFINITE_RECURSION = YES;
				CLANG_WARN_INT_CONVERSION = YES;
				CLANG_WARN_NON_LITERAL_NULL_CONVERSION = YES;
				CLANG_WARN_OBJC_IMPLICIT_RETAIN_SELF = YES;
				CLANG_WARN_OBJC_LITERAL_CONVERSION = YES;
				CLANG_WARN_OBJC_ROOT_CLASS = YES_ERROR;
				CLANG_WARN_RANGE_LOOP_ANALYSIS = YES;
				CLANG_WARN_STRICT_PROTOTYPES = YES;
				CLANG_WARN_SUSPICIOUS_MOVE = YES;
				CLANG_WARN_UNGUARDED_AVAILABILITY = YES_AGGRESSIVE;
				CLANG_WARN_UNREACHABLE_CODE = YES;
				CLANG_WARN__DUPLICATE_METHOD_MATCH = YES;
				CODE_SIGN_IDENTITY = "iPhone Developer";
				COPY_PHASE_STRIP = NO;
				DEBUG_INFORMATION_FORMAT = "dwarf-with-dsym";
				ENABLE_NS_ASSERTIONS = NO;
				ENABLE_STRICT_OBJC_MSGSEND = YES;
				GCC_C_LANGUAGE_STANDARD = gnu11;
				GCC_NO_COMMON_BLOCKS = YES;
				GCC_WARN_64_TO_32_BIT_CONVERSION = YES;
				GCC_WARN_ABOUT_RETURN_TYPE = YES_ERROR;
				GCC_WARN_UNDECLARED_SELECTOR = YES;
				GCC_WARN_UNINITIALIZED_AUTOS = YES_AGGRESSIVE;
				GCC_WARN_UNUSED_FUNCTION = YES;
				GCC_WARN_UNUSED_VARIABLE = YES;
				IPHONEOS_DEPLOYMENT_TARGET = 12.2;
				MTL_ENABLE_DEBUG_INFO = NO;
				MTL_FAST_MATH = YES;
				SDKROOT = iphoneos;
				SWIFT_COMPILATION_MODE = wholemodule;
				SWIFT_OPTIMIZATION_LEVEL = "-O";
				VALIDATE_PRODUCT = YES;
			};
			name = Release;
		};
		2368C3522436E26300A0CCEC /* Debug */ = {
			isa = XCBuildConfiguration;
			buildSettings = {
				ASSETCATALOG_COMPILER_APPICON_NAME = AppIcon;
				CODE_SIGN_STYLE = Automatic;
				INFOPLIST_FILE = Sample/Info.plist;
				LD_RUNPATH_SEARCH_PATHS = (
					"$(inherited)",
					"@executable_path/Frameworks",
				);
				PRODUCT_BUNDLE_IDENTIFIER = com.EIR.APITESTs.Sample;
				PRODUCT_NAME = "$(TARGET_NAME)";
				SWIFT_VERSION = 5.0;
				TARGETED_DEVICE_FAMILY = "1,2";
			};
			name = Debug;
		};
		2368C3532436E26300A0CCEC /* Release */ = {
			isa = XCBuildConfiguration;
			buildSettings = {
				ASSETCATALOG_COMPILER_APPICON_NAME = AppIcon;
				CODE_SIGN_STYLE = Automatic;
				INFOPLIST_FILE = Sample/Info.plist;
				LD_RUNPATH_SEARCH_PATHS = (
					"$(inherited)",
					"@executable_path/Frameworks",
				);
				PRODUCT_BUNDLE_IDENTIFIER = com.EIR.APITESTs.Sample;
				PRODUCT_NAME = "$(TARGET_NAME)";
				SWIFT_VERSION = 5.0;
				TARGETED_DEVICE_FAMILY = "1,2";
			};
			name = Release;
		};
		2368C3552436E26300A0CCEC /* Debug */ = {
			isa = XCBuildConfiguration;
			buildSettings = {
				ALWAYS_EMBED_SWIFT_STANDARD_LIBRARIES = YES;
				BUNDLE_LOADER = "$(TEST_HOST)";
				CODE_SIGN_STYLE = Automatic;
				INFOPLIST_FILE = SampleTests/Info.plist;
				LD_RUNPATH_SEARCH_PATHS = (
					"$(inherited)",
					"@executable_path/Frameworks",
					"@loader_path/Frameworks",
				);
				PRODUCT_BUNDLE_IDENTIFIER = com.EIR.APITESTs.SampleTests;
				PRODUCT_NAME = "$(TARGET_NAME)";
				SWIFT_VERSION = 5.0;
				TARGETED_DEVICE_FAMILY = "1,2";
				TEST_HOST = "$(BUILT_PRODUCTS_DIR)/Sample.app/Sample";
			};
			name = Debug;
		};
		2368C3562436E26300A0CCEC /* Release */ = {
			isa = XCBuildConfiguration;
			buildSettings = {
				ALWAYS_EMBED_SWIFT_STANDARD_LIBRARIES = YES;
				BUNDLE_LOADER = "$(TEST_HOST)";
				CODE_SIGN_STYLE = Automatic;
				INFOPLIST_FILE = SampleTests/Info.plist;
				LD_RUNPATH_SEARCH_PATHS = (
					"$(inherited)",
					"@executable_path/Frameworks",
					"@loader_path/Frameworks",
				);
				PRODUCT_BUNDLE_IDENTIFIER = com.EIR.APITESTs.SampleTests;
				PRODUCT_NAME = "$(TARGET_NAME)";
				SWIFT_VERSION = 5.0;
				TARGETED_DEVICE_FAMILY = "1,2";
				TEST_HOST = "$(BUILT_PRODUCTS_DIR)/Sample.app/Sample";
			};
			name = Release;
		};
		2368C3582436E26300A0CCEC /* Debug */ = {
			isa = XCBuildConfiguration;
			buildSettings = {
				ALWAYS_EMBED_SWIFT_STANDARD_LIBRARIES = YES;
				CODE_SIGN_STYLE = Automatic;
				INFOPLIST_FILE = SampleUITests/Info.plist;
				LD_RUNPATH_SEARCH_PATHS = (
					"$(inherited)",
					"@executable_path/Frameworks",
					"@loader_path/Frameworks",
				);
				PRODUCT_BUNDLE_IDENTIFIER = com.EIR.APITESTs.SampleUITests;
				PRODUCT_NAME = "$(TARGET_NAME)";
				SWIFT_VERSION = 5.0;
				TARGETED_DEVICE_FAMILY = "1,2";
				TEST_TARGET_NAME = Sample;
			};
			name = Debug;
		};
		2368C3592436E26300A0CCEC /* Release */ = {
			isa = XCBuildConfiguration;
			buildSettings = {
				ALWAYS_EMBED_SWIFT_STANDARD_LIBRARIES = YES;
				CODE_SIGN_STYLE = Automatic;
				INFOPLIST_FILE = SampleUITests/Info.plist;
				LD_RUNPATH_SEARCH_PATHS = (
					"$(inherited)",
					"@executable_path/Frameworks",
					"@loader_path/Frameworks",
				);
				PRODUCT_BUNDLE_IDENTIFIER = com.EIR.APITESTs.SampleUITests;
				PRODUCT_NAME = "$(TARGET_NAME)";
				SWIFT_VERSION = 5.0;
				TARGETED_DEVICE_FAMILY = "1,2";
				TEST_TARGET_NAME = Sample;
			};
			name = Release;
		};
/* End XCBuildConfiguration section */

/* Begin XCConfigurationList section */
		2368C3242436E26100A0CCEC /* Build configuration list for PBXProject "Sample" */ = {
			isa = XCConfigurationList;
			buildConfigurations = (
				2368C34F2436E26300A0CCEC /* Debug */,
				2368C3502436E26300A0CCEC /* Release */,
			);
			defaultConfigurationIsVisible = 0;
			defaultConfigurationName = Release;
		};
		2368C3512436E26300A0CCEC /* Build configuration list for PBXNativeTarget "Sample" */ = {
			isa = XCConfigurationList;
			buildConfigurations = (
				2368C3522436E26300A0CCEC /* Debug */,
				2368C3532436E26300A0CCEC /* Release */,
			);
			defaultConfigurationIsVisible = 0;
			defaultConfigurationName = Release;
		};
		2368C3542436E26300A0CCEC /* Build configuration list for PBXNativeTarget "SampleTests" */ = {
			isa = XCConfigurationList;
			buildConfigurations = (
				2368C3552436E26300A0CCEC /* Debug */,
				2368C3562436E26300A0CCEC /* Release */,
			);
			defaultConfigurationIsVisible = 0;
			defaultConfigurationName = Release;
		};
		2368C3572436E26300A0CCEC /* Build configuration list for PBXNativeTarget "SampleUITests" */ = {
			isa = XCConfigurationList;
			buildConfigurations = (
				2368C3582436E26300A0CCEC /* Debug */,
				2368C3592436E26300A0CCEC /* Release */,
			);
			defaultConfigurationIsVisible = 0;
			defaultConfigurationName = Release;
		};
/* End XCConfigurationList section */
	};
	rootObject = 2368C3212436E26100A0CCEC /* Project object */;
}
